// !$*UTF8*$!
{
	archiveVersion = 1;
	classes = {
	};
	objectVersion = 50;
	objects = {

/* Begin PBXBuildFile section */
		8143E6DA2200ABF400F9C1A0 /* WeatherTableViewCell.swift in Sources */ = {isa = PBXBuildFile; fileRef = 8143E6D92200ABF400F9C1A0 /* WeatherTableViewCell.swift */; };
		C8BDDE32220032F000F5FA95 /* AppDelegate.swift in Sources */ = {isa = PBXBuildFile; fileRef = C8BDDE31220032F000F5FA95 /* AppDelegate.swift */; };
		C8BDDE37220032F000F5FA95 /* Main.storyboard in Resources */ = {isa = PBXBuildFile; fileRef = C8BDDE35220032F000F5FA95 /* Main.storyboard */; };
		C8BDDE39220032F200F5FA95 /* Assets.xcassets in Resources */ = {isa = PBXBuildFile; fileRef = C8BDDE38220032F200F5FA95 /* Assets.xcassets */; };
		C8BDDE3C220032F200F5FA95 /* LaunchScreen.storyboard in Resources */ = {isa = PBXBuildFile; fileRef = C8BDDE3A220032F200F5FA95 /* LaunchScreen.storyboard */; };
		C8BDDE4A2200339B00F5FA95 /* DataManager.swift in Sources */ = {isa = PBXBuildFile; fileRef = C8BDDE492200339B00F5FA95 /* DataManager.swift */; };
		C8BDDE4C2200358600F5FA95 /* WeatherData.swift in Sources */ = {isa = PBXBuildFile; fileRef = C8BDDE4B2200358600F5FA95 /* WeatherData.swift */; };
		C8BDDE4E22004B2700F5FA95 /* LocationWeatherData.swift in Sources */ = {isa = PBXBuildFile; fileRef = C8BDDE4D22004B2700F5FA95 /* LocationWeatherData.swift */; };
		C8BDDE5022004BD400F5FA95 /* WeatherForecastData.swift in Sources */ = {isa = PBXBuildFile; fileRef = C8BDDE4F22004BD400F5FA95 /* WeatherForecastData.swift */; };
		C8BDDE522200562700F5FA95 /* Errors.swift in Sources */ = {isa = PBXBuildFile; fileRef = C8BDDE512200562700F5FA95 /* Errors.swift */; };
		C8BDDE5422005B6700F5FA95 /* TodayWeatherViewController.swift in Sources */ = {isa = PBXBuildFile; fileRef = C8BDDE5322005B6700F5FA95 /* TodayWeatherViewController.swift */; };
		C8BDDE5622005B7B00F5FA95 /* WeatherForecastViewController.swift in Sources */ = {isa = PBXBuildFile; fileRef = C8BDDE5522005B7B00F5FA95 /* WeatherForecastViewController.swift */; };
		C8BDDE5822005C1A00F5FA95 /* TabBarViewController.swift in Sources */ = {isa = PBXBuildFile; fileRef = C8BDDE5722005C1A00F5FA95 /* TabBarViewController.swift */; };
/* End PBXBuildFile section */

/* Begin PBXFileReference section */
		8143E6D92200ABF400F9C1A0 /* WeatherTableViewCell.swift */ = {isa = PBXFileReference; lastKnownFileType = sourcecode.swift; path = WeatherTableViewCell.swift; sourceTree = "<group>"; };
		C8BDDE2E220032F000F5FA95 /* weatherapp.app */ = {isa = PBXFileReference; explicitFileType = wrapper.application; includeInIndex = 0; path = weatherapp.app; sourceTree = BUILT_PRODUCTS_DIR; };
		C8BDDE31220032F000F5FA95 /* AppDelegate.swift */ = {isa = PBXFileReference; lastKnownFileType = sourcecode.swift; path = AppDelegate.swift; sourceTree = "<group>"; };
		C8BDDE36220032F000F5FA95 /* Base */ = {isa = PBXFileReference; lastKnownFileType = file.storyboard; name = Base; path = Base.lproj/Main.storyboard; sourceTree = "<group>"; };
		C8BDDE38220032F200F5FA95 /* Assets.xcassets */ = {isa = PBXFileReference; lastKnownFileType = folder.assetcatalog; path = Assets.xcassets; sourceTree = "<group>"; };
		C8BDDE3B220032F200F5FA95 /* Base */ = {isa = PBXFileReference; lastKnownFileType = file.storyboard; name = Base; path = Base.lproj/LaunchScreen.storyboard; sourceTree = "<group>"; };
		C8BDDE3D220032F200F5FA95 /* Info.plist */ = {isa = PBXFileReference; lastKnownFileType = text.plist.xml; path = Info.plist; sourceTree = "<group>"; };
		C8BDDE492200339B00F5FA95 /* DataManager.swift */ = {isa = PBXFileReference; lastKnownFileType = sourcecode.swift; path = DataManager.swift; sourceTree = "<group>"; };
		C8BDDE4B2200358600F5FA95 /* WeatherData.swift */ = {isa = PBXFileReference; lastKnownFileType = sourcecode.swift; path = WeatherData.swift; sourceTree = "<group>"; };
		C8BDDE4D22004B2700F5FA95 /* LocationWeatherData.swift */ = {isa = PBXFileReference; lastKnownFileType = sourcecode.swift; path = LocationWeatherData.swift; sourceTree = "<group>"; };
		C8BDDE4F22004BD400F5FA95 /* WeatherForecastData.swift */ = {isa = PBXFileReference; lastKnownFileType = sourcecode.swift; path = WeatherForecastData.swift; sourceTree = "<group>"; };
		C8BDDE512200562700F5FA95 /* Errors.swift */ = {isa = PBXFileReference; lastKnownFileType = sourcecode.swift; path = Errors.swift; sourceTree = "<group>"; };
		C8BDDE5322005B6700F5FA95 /* TodayWeatherViewController.swift */ = {isa = PBXFileReference; lastKnownFileType = sourcecode.swift; path = TodayWeatherViewController.swift; sourceTree = "<group>"; };
		C8BDDE5522005B7B00F5FA95 /* WeatherForecastViewController.swift */ = {isa = PBXFileReference; lastKnownFileType = sourcecode.swift; path = WeatherForecastViewController.swift; sourceTree = "<group>"; };
		C8BDDE5722005C1A00F5FA95 /* TabBarViewController.swift */ = {isa = PBXFileReference; lastKnownFileType = sourcecode.swift; path = TabBarViewController.swift; sourceTree = "<group>"; };
/* End PBXFileReference section */

/* Begin PBXFrameworksBuildPhase section */
		C8BDDE2B220032F000F5FA95 /* Frameworks */ = {
			isa = PBXFrameworksBuildPhase;
			buildActionMask = 2147483647;
			files = (
			);
			runOnlyForDeploymentPostprocessing = 0;
		};
/* End PBXFrameworksBuildPhase section */

/* Begin PBXGroup section */
		C8BDDE25220032F000F5FA95 = {
			isa = PBXGroup;
			children = (
				C8BDDE30220032F000F5FA95 /* weatherapp */,
				C8BDDE2F220032F000F5FA95 /* Products */,
			);
			sourceTree = "<group>";
		};
		C8BDDE2F220032F000F5FA95 /* Products */ = {
			isa = PBXGroup;
			children = (
				C8BDDE2E220032F000F5FA95 /* weatherapp.app */,
			);
			name = Products;
			sourceTree = "<group>";
		};
		C8BDDE30220032F000F5FA95 /* weatherapp */ = {
			isa = PBXGroup;
			children = (
				C8BDDE472200336200F5FA95 /* Data */,
				C8BDDE482200336200F5FA95 /* View */,
				C8BDDE31220032F000F5FA95 /* AppDelegate.swift */,
				C8BDDE35220032F000F5FA95 /* Main.storyboard */,
				C8BDDE38220032F200F5FA95 /* Assets.xcassets */,
				C8BDDE3A220032F200F5FA95 /* LaunchScreen.storyboard */,
				C8BDDE3D220032F200F5FA95 /* Info.plist */,
			);
			path = weatherapp;
			sourceTree = "<group>";
		};
		C8BDDE472200336200F5FA95 /* Data */ = {
			isa = PBXGroup;
			children = (
				C8BDDE492200339B00F5FA95 /* DataManager.swift */,
				C8BDDE4B2200358600F5FA95 /* WeatherData.swift */,
				C8BDDE4D22004B2700F5FA95 /* LocationWeatherData.swift */,
				C8BDDE4F22004BD400F5FA95 /* WeatherForecastData.swift */,
				C8BDDE512200562700F5FA95 /* Errors.swift */,
			);
			path = Data;
			sourceTree = "<group>";
		};
		C8BDDE482200336200F5FA95 /* View */ = {
			isa = PBXGroup;
			children = (
				C8BDDE5322005B6700F5FA95 /* TodayWeatherViewController.swift */,
				C8BDDE5522005B7B00F5FA95 /* WeatherForecastViewController.swift */,
				C8BDDE5722005C1A00F5FA95 /* TabBarViewController.swift */,
				8143E6D92200ABF400F9C1A0 /* WeatherTableViewCell.swift */,
			);
			path = View;
			sourceTree = "<group>";
		};
/* End PBXGroup section */

/* Begin PBXNativeTarget section */
		C8BDDE2D220032F000F5FA95 /* weatherapp */ = {
			isa = PBXNativeTarget;
			buildConfigurationList = C8BDDE40220032F200F5FA95 /* Build configuration list for PBXNativeTarget "weatherapp" */;
			buildPhases = (
				C8BDDE2A220032F000F5FA95 /* Sources */,
				C8BDDE2B220032F000F5FA95 /* Frameworks */,
				C8BDDE2C220032F000F5FA95 /* Resources */,
			);
			buildRules = (
			);
			dependencies = (
			);
			name = weatherapp;
			productName = whetherapp;
			productReference = C8BDDE2E220032F000F5FA95 /* weatherapp.app */;
			productType = "com.apple.product-type.application";
		};
/* End PBXNativeTarget section */

/* Begin PBXProject section */
		C8BDDE26220032F000F5FA95 /* Project object */ = {
			isa = PBXProject;
			attributes = {
				LastSwiftUpdateCheck = 1000;
				LastUpgradeCheck = 1000;
				ORGANIZATIONNAME = "Mushegh Mavisakalyan";
				TargetAttributes = {
					C8BDDE2D220032F000F5FA95 = {
						CreatedOnToolsVersion = 10.0;
					};
				};
			};
			buildConfigurationList = C8BDDE29220032F000F5FA95 /* Build configuration list for PBXProject "weatherapp" */;
			compatibilityVersion = "Xcode 9.3";
			developmentRegion = en;
			hasScannedForEncodings = 0;
			knownRegions = (
				en,
				Base,
			);
			mainGroup = C8BDDE25220032F000F5FA95;
			productRefGroup = C8BDDE2F220032F000F5FA95 /* Products */;
			projectDirPath = "";
			projectRoot = "";
			targets = (
				C8BDDE2D220032F000F5FA95 /* weatherapp */,
			);
		};
/* End PBXProject section */

/* Begin PBXResourcesBuildPhase section */
		C8BDDE2C220032F000F5FA95 /* Resources */ = {
			isa = PBXResourcesBuildPhase;
			buildActionMask = 2147483647;
			files = (
				C8BDDE3C220032F200F5FA95 /* LaunchScreen.storyboard in Resources */,
				C8BDDE39220032F200F5FA95 /* Assets.xcassets in Resources */,
				C8BDDE37220032F000F5FA95 /* Main.storyboard in Resources */,
			);
			runOnlyForDeploymentPostprocessing = 0;
		};
/* End PBXResourcesBuildPhase section */

/* Begin PBXSourcesBuildPhase section */
		C8BDDE2A220032F000F5FA95 /* Sources */ = {
			isa = PBXSourcesBuildPhase;
			buildActionMask = 2147483647;
			files = (
				8143E6DA2200ABF400F9C1A0 /* WeatherTableViewCell.swift in Sources */,
				C8BDDE5022004BD400F5FA95 /* WeatherForecastData.swift in Sources */,
				C8BDDE4C2200358600F5FA95 /* WeatherData.swift in Sources */,
				C8BDDE4E22004B2700F5FA95 /* LocationWeatherData.swift in Sources */,
				C8BDDE4A2200339B00F5FA95 /* DataManager.swift in Sources */,
				C8BDDE5822005C1A00F5FA95 /* TabBarViewController.swift in Sources */,
				C8BDDE5622005B7B00F5FA95 /* WeatherForecastViewController.swift in Sources */,
				C8BDDE32220032F000F5FA95 /* AppDelegate.swift in Sources */,
				C8BDDE5422005B6700F5FA95 /* TodayWeatherViewController.swift in Sources */,
				C8BDDE522200562700F5FA95 /* Errors.swift in Sources */,
			);
			runOnlyForDeploymentPostprocessing = 0;
		};
/* End PBXSourcesBuildPhase section */

/* Begin PBXVariantGroup section */
		C8BDDE35220032F000F5FA95 /* Main.storyboard */ = {
			isa = PBXVariantGroup;
			children = (
				C8BDDE36220032F000F5FA95 /* Base */,
			);
			name = Main.storyboard;
			sourceTree = "<group>";
		};
		C8BDDE3A220032F200F5FA95 /* LaunchScreen.storyboard */ = {
			isa = PBXVariantGroup;
			children = (
				C8BDDE3B220032F200F5FA95 /* Base */,
			);
			name = LaunchScreen.storyboard;
			sourceTree = "<group>";
		};
/* End PBXVariantGroup section */

/* Begin XCBuildConfiguration section */
		C8BDDE3E220032F200F5FA95 /* Debug */ = {
			isa = XCBuildConfiguration;
			buildSettings = {
				ALWAYS_SEARCH_USER_PATHS = NO;
				CLANG_ANALYZER_NONNULL = YES;
				CLANG_ANALYZER_NUMBER_OBJECT_CONVERSION = YES_AGGRESSIVE;
				CLANG_CXX_LANGUAGE_STANDARD = "gnu++14";
				CLANG_CXX_LIBRARY = "libc++";
				CLANG_ENABLE_MODULES = YES;
				CLANG_ENABLE_OBJC_ARC = YES;
				CLANG_ENABLE_OBJC_WEAK = YES;
				CLANG_WARN_BLOCK_CAPTURE_AUTORELEASING = YES;
				CLANG_WARN_BOOL_CONVERSION = YES;
				CLANG_WARN_COMMA = YES;
				CLANG_WARN_CONSTANT_CONVERSION = YES;
				CLANG_WARN_DEPRECATED_OBJC_IMPLEMENTATIONS = YES;
				CLANG_WARN_DIRECT_OBJC_ISA_USAGE = YES_ERROR;
				CLANG_WARN_DOCUMENTATION_COMMENTS = YES;
				CLANG_WARN_EMPTY_BODY = YES;
				CLANG_WARN_ENUM_CONVERSION = YES;
				CLANG_WARN_INFINITE_RECURSION = YES;
				CLANG_WARN_INT_CONVERSION = YES;
				CLANG_WARN_NON_LITERAL_NULL_CONVERSION = YES;
				CLANG_WARN_OBJC_IMPLICIT_RETAIN_SELF = YES;
				CLANG_WARN_OBJC_LITERAL_CONVERSION = YES;
				CLANG_WARN_OBJC_ROOT_CLASS = YES_ERROR;
				CLANG_WARN_RANGE_LOOP_ANALYSIS = YES;
				CLANG_WARN_STRICT_PROTOTYPES = YES;
				CLANG_WARN_SUSPICIOUS_MOVE = YES;
				CLANG_WARN_UNGUARDED_AVAILABILITY = YES_AGGRESSIVE;
				CLANG_WARN_UNREACHABLE_CODE = YES;
				CLANG_WARN__DUPLICATE_METHOD_MATCH = YES;
				CODE_SIGN_IDENTITY = "iPhone Developer";
				COPY_PHASE_STRIP = NO;
				DEBUG_INFORMATION_FORMAT = dwarf;
				ENABLE_STRICT_OBJC_MSGSEND = YES;
				ENABLE_TESTABILITY = YES;
				GCC_C_LANGUAGE_STANDARD = gnu11;
				GCC_DYNAMIC_NO_PIC = NO;
				GCC_NO_COMMON_BLOCKS = YES;
				GCC_OPTIMIZATION_LEVEL = 0;
				GCC_PREPROCESSOR_DEFINITIONS = (
					"DEBUG=1",
					"$(inherited)",
				);
				GCC_WARN_64_TO_32_BIT_CONVERSION = YES;
				GCC_WARN_ABOUT_RETURN_TYPE = YES_ERROR;
				GCC_WARN_UNDECLARED_SELECTOR = YES;
				GCC_WARN_UNINITIALIZED_AUTOS = YES_AGGRESSIVE;
				GCC_WARN_UNUSED_FUNCTION = YES;
				GCC_WARN_UNUSED_VARIABLE = YES;
				IPHONEOS_DEPLOYMENT_TARGET = 12.0;
				MTL_ENABLE_DEBUG_INFO = INCLUDE_SOURCE;
				MTL_FAST_MATH = YES;
				ONLY_ACTIVE_ARCH = YES;
				SDKROOT = iphoneos;
				SWIFT_ACTIVE_COMPILATION_CONDITIONS = DEBUG;
				SWIFT_OPTIMIZATION_LEVEL = "-Onone";
			};
			name = Debug;
		};
		C8BDDE3F220032F200F5FA95 /* Release */ = {
			isa = XCBuildConfiguration;
			buildSettings = {
				ALWAYS_SEARCH_USER_PATHS = NO;
				CLANG_ANALYZER_NONNULL = YES;
				CLANG_ANALYZER_NUMBER_OBJECT_CONVERSION = YES_AGGRESSIVE;
				CLANG_CXX_LANGUAGE_STANDARD = "gnu++14";
				CLANG_CXX_LIBRARY = "libc++";
				CLANG_ENABLE_MODULES = YES;
				CLANG_ENABLE_OBJC_ARC = YES;
				CLANG_ENABLE_OBJC_WEAK = YES;
				CLANG_WARN_BLOCK_CAPTURE_AUTORELEASING = YES;
				CLANG_WARN_BOOL_CONVERSION = YES;
				CLANG_WARN_COMMA = YES;
				CLANG_WARN_CONSTANT_CONVERSION = YES;
				CLANG_WARN_DEPRECATED_OBJC_IMPLEMENTATIONS = YES;
				CLANG_WARN_DIRECT_OBJC_ISA_USAGE = YES_ERROR;
				CLANG_WARN_DOCUMENTATION_COMMENTS = YES;
				CLANG_WARN_EMPTY_BODY = YES;
				CLANG_WARN_ENUM_CONVERSION = YES;
				CLANG_WARN_INFINITE_RECURSION = YES;
				CLANG_WARN_INT_CONVERSION = YES;
				CLANG_WARN_NON_LITERAL_NULL_CONVERSION = YES;
				CLANG_WARN_OBJC_IMPLICIT_RETAIN_SELF = YES;
				CLANG_WARN_OBJC_LITERAL_CONVERSION = YES;
				CLANG_WARN_OBJC_ROOT_CLASS = YES_ERROR;
				CLANG_WARN_RANGE_LOOP_ANALYSIS = YES;
				CLANG_WARN_STRICT_PROTOTYPES = YES;
				CLANG_WARN_SUSPICIOUS_MOVE = YES;
				CLANG_WARN_UNGUARDED_AVAILABILITY = YES_AGGRESSIVE;
				CLANG_WARN_UNREACHABLE_CODE = YES;
				CLANG_WARN__DUPLICATE_METHOD_MATCH = YES;
				CODE_SIGN_IDENTITY = "iPhone Developer";
				COPY_PHASE_STRIP = NO;
				DEBUG_INFORMATION_FORMAT = "dwarf-with-dsym";
				ENABLE_NS_ASSERTIONS = NO;
				ENABLE_STRICT_OBJC_MSGSEND = YES;
				GCC_C_LANGUAGE_STANDARD = gnu11;
				GCC_NO_COMMON_BLOCKS = YES;
				GCC_WARN_64_TO_32_BIT_CONVERSION = YES;
				GCC_WARN_ABOUT_RETURN_TYPE = YES_ERROR;
				GCC_WARN_UNDECLARED_SELECTOR = YES;
				GCC_WARN_UNINITIALIZED_AUTOS = YES_AGGRESSIVE;
				GCC_WARN_UNUSED_FUNCTION = YES;
				GCC_WARN_UNUSED_VARIABLE = YES;
				IPHONEOS_DEPLOYMENT_TARGET = 12.0;
				MTL_ENABLE_DEBUG_INFO = NO;
				MTL_FAST_MATH = YES;
				SDKROOT = iphoneos;
				SWIFT_COMPILATION_MODE = wholemodule;
				SWIFT_OPTIMIZATION_LEVEL = "-O";
				VALIDATE_PRODUCT = YES;
			};
			name = Release;
		};
		C8BDDE41220032F200F5FA95 /* Debug */ = {
			isa = XCBuildConfiguration;
			buildSettings = {
				ASSETCATALOG_COMPILER_APPICON_NAME = AppIcon;
				CODE_SIGN_STYLE = Automatic;
				DEVELOPMENT_TEAM = U5ZAX824GL;
				ENABLE_BITCODE = NO;
				INFOPLIST_FILE = "$(SRCROOT)/weatherapp/Info.plist";
				LD_RUNPATH_SEARCH_PATHS = (
					"$(inherited)",
					"@executable_path/Frameworks",
				);
				PRODUCT_BUNDLE_IDENTIFIER = com.myapps.weatherapp;
				PRODUCT_NAME = "$(TARGET_NAME)";
				SWIFT_REFLECTION_METADATA_LEVEL = all;
				SWIFT_VERSION = 4.2;
				TARGETED_DEVICE_FAMILY = "1,2";
			};
			name = Debug;
		};
		C8BDDE42220032F200F5FA95 /* Release */ = {
			isa = XCBuildConfiguration;
			buildSettings = {
				ASSETCATALOG_COMPILER_APPICON_NAME = AppIcon;
				CODE_SIGN_STYLE = Automatic;
				DEVELOPMENT_TEAM = U5ZAX824GL;
				ENABLE_BITCODE = NO;
				INFOPLIST_FILE = "$(SRCROOT)/weatherapp/Info.plist";
				LD_RUNPATH_SEARCH_PATHS = (
					"$(inherited)",
					"@executable_path/Frameworks",
				);
				PRODUCT_BUNDLE_IDENTIFIER = com.myapps.weatherapp;
				PRODUCT_NAME = "$(TARGET_NAME)";
				SWIFT_REFLECTION_METADATA_LEVEL = all;
				SWIFT_VERSION = 4.2;
				TARGETED_DEVICE_FAMILY = "1,2";
			};
			name = Release;
		};
/* End XCBuildConfiguration section */

/* Begin XCConfigurationList section */
		C8BDDE29220032F000F5FA95 /* Build configuration list for PBXProject "weatherapp" */ = {
			isa = XCConfigurationList;
			buildConfigurations = (
				C8BDDE3E220032F200F5FA95 /* Debug */,
				C8BDDE3F220032F200F5FA95 /* Release */,
			);
			defaultConfigurationIsVisible = 0;
			defaultConfigurationName = Release;
		};
		C8BDDE40220032F200F5FA95 /* Build configuration list for PBXNativeTarget "weatherapp" */ = {
			isa = XCConfigurationList;
			buildConfigurations = (
				C8BDDE41220032F200F5FA95 /* Debug */,
				C8BDDE42220032F200F5FA95 /* Release */,
			);
			defaultConfigurationIsVisible = 0;
			defaultConfigurationName = Release;
		};
/* End XCConfigurationList section */
	};
	rootObject = C8BDDE26220032F000F5FA95 /* Project object */;
}
